// !$*UTF8*$!
{
	archiveVersion = 1;
	classes = {
	};
	objectVersion = 46;
	objects = {

/* Begin PBXBuildFile section */
		1312C51B1DDD309200058BFC /* AppDelegate.swift in Sources */ = {isa = PBXBuildFile; fileRef = 1312C51A1DDD309200058BFC /* AppDelegate.swift */; };
		1312C51D1DDD309200058BFC /* ViewController.swift in Sources */ = {isa = PBXBuildFile; fileRef = 1312C51C1DDD309200058BFC /* ViewController.swift */; };
		1312C5201DDD309200058BFC /* Main.storyboard in Resources */ = {isa = PBXBuildFile; fileRef = 1312C51E1DDD309200058BFC /* Main.storyboard */; };
		1312C5221DDD309200058BFC /* Assets.xcassets in Resources */ = {isa = PBXBuildFile; fileRef = 1312C5211DDD309200058BFC /* Assets.xcassets */; };
		1312C5251DDD309200058BFC /* LaunchScreen.storyboard in Resources */ = {isa = PBXBuildFile; fileRef = 1312C5231DDD309200058BFC /* LaunchScreen.storyboard */; };
		1312C5301DDD309200058BFC /* PlumTests.swift in Sources */ = {isa = PBXBuildFile; fileRef = 1312C52F1DDD309200058BFC /* PlumTests.swift */; };
		1312C53B1DDD67F600058BFC /* FirstAidViewController.swift in Sources */ = {isa = PBXBuildFile; fileRef = 1312C53A1DDD67F600058BFC /* FirstAidViewController.swift */; };
		1312C53D1DDD6D6900058BFC /* FirstAidTableViewCell.swift in Sources */ = {isa = PBXBuildFile; fileRef = 1312C53C1DDD6D6900058BFC /* FirstAidTableViewCell.swift */; };
		1312C5401DDD75E900058BFC /* FirstAidEntry.swift in Sources */ = {isa = PBXBuildFile; fileRef = 1312C53F1DDD75E900058BFC /* FirstAidEntry.swift */; };
		1312C5421DDD7AC000058BFC /* FirstAidList.plist in Resources */ = {isa = PBXBuildFile; fileRef = 1312C5411DDD7AC000058BFC /* FirstAidList.plist */; };
		1312C5441DDD915100058BFC /* FirstAidDetailViewController.swift in Sources */ = {isa = PBXBuildFile; fileRef = 1312C5431DDD915100058BFC /* FirstAidDetailViewController.swift */; };
		1312C5461DDE2FD700058BFC /* NearbyViewController.swift in Sources */ = {isa = PBXBuildFile; fileRef = 1312C5451DDE2FD700058BFC /* NearbyViewController.swift */; };
		134F5A2F1DEE7C6C00D38366 /* ProfileDetailDeleteTableViewCell.swift in Sources */ = {isa = PBXBuildFile; fileRef = 134F5A2E1DEE7C6C00D38366 /* ProfileDetailDeleteTableViewCell.swift */; };
		13570F681DEE253B008F6774 /* ProfileListBannerTableViewCell.swift in Sources */ = {isa = PBXBuildFile; fileRef = 13570F671DEE253B008F6774 /* ProfileListBannerTableViewCell.swift */; };
		13570F6A1DEE2C1E008F6774 /* ProfileListSectionTableViewCell.swift in Sources */ = {isa = PBXBuildFile; fileRef = 13570F691DEE2C1E008F6774 /* ProfileListSectionTableViewCell.swift */; };
		13570F6C1DEE2F87008F6774 /* ProfileListButtonTableViewCell.swift in Sources */ = {isa = PBXBuildFile; fileRef = 13570F6B1DEE2F87008F6774 /* ProfileListButtonTableViewCell.swift */; };
		13570F6F1DEE3459008F6774 /* String+GetChar.swift in Sources */ = {isa = PBXBuildFile; fileRef = 13570F6E1DEE3459008F6774 /* String+GetChar.swift */; };
		139CC2BA1DDE420D00B9DFB6 /* ProfileViewController.swift in Sources */ = {isa = PBXBuildFile; fileRef = 139CC2B91DDE420D00B9DFB6 /* ProfileViewController.swift */; };
		139CC2C01DDE46C700B9DFB6 /* ProfileDetailTableViewCell.swift in Sources */ = {isa = PBXBuildFile; fileRef = 139CC2BF1DDE46C700B9DFB6 /* ProfileDetailTableViewCell.swift */; };
		139CC2C21DDE57A500B9DFB6 /* ProfileDetailTableViewController.swift in Sources */ = {isa = PBXBuildFile; fileRef = 139CC2C11DDE57A500B9DFB6 /* ProfileDetailTableViewController.swift */; };
		139CC2C41DDE5F1F00B9DFB6 /* ProfileEntry.swift in Sources */ = {isa = PBXBuildFile; fileRef = 139CC2C31DDE5F1F00B9DFB6 /* ProfileEntry.swift */; };
		13B3C9C51DEE11940090491A /* AsyncButton.swift in Sources */ = {isa = PBXBuildFile; fileRef = 13B3C9A71DEE11940090491A /* AsyncButton.swift */; };
		13B3C9C61DEE11940090491A /* AsyncImageView.swift in Sources */ = {isa = PBXBuildFile; fileRef = 13B3C9A81DEE11940090491A /* AsyncImageView.swift */; };
		13B3C9C71DEE11940090491A /* AutoTextView.swift in Sources */ = {isa = PBXBuildFile; fileRef = 13B3C9A91DEE11940090491A /* AutoTextView.swift */; };
		13B3C9C81DEE11940090491A /* BlurView.swift in Sources */ = {isa = PBXBuildFile; fileRef = 13B3C9AA1DEE11940090491A /* BlurView.swift */; };
		13B3C9C91DEE11940090491A /* DesignableButton.swift in Sources */ = {isa = PBXBuildFile; fileRef = 13B3C9AB1DEE11940090491A /* DesignableButton.swift */; };
		13B3C9CA1DEE11940090491A /* DesignableImageView.swift in Sources */ = {isa = PBXBuildFile; fileRef = 13B3C9AC1DEE11940090491A /* DesignableImageView.swift */; };
		13B3C9CB1DEE11940090491A /* DesignableLabel.swift in Sources */ = {isa = PBXBuildFile; fileRef = 13B3C9AD1DEE11940090491A /* DesignableLabel.swift */; };
		13B3C9CC1DEE11940090491A /* DesignableTabBarController.swift in Sources */ = {isa = PBXBuildFile; fileRef = 13B3C9AE1DEE11940090491A /* DesignableTabBarController.swift */; };
		13B3C9CD1DEE11940090491A /* DesignableTextField.swift in Sources */ = {isa = PBXBuildFile; fileRef = 13B3C9AF1DEE11940090491A /* DesignableTextField.swift */; };
		13B3C9CE1DEE11940090491A /* DesignableTextView.swift in Sources */ = {isa = PBXBuildFile; fileRef = 13B3C9B01DEE11940090491A /* DesignableTextView.swift */; };
		13B3C9CF1DEE11940090491A /* DesignableView.swift in Sources */ = {isa = PBXBuildFile; fileRef = 13B3C9B11DEE11940090491A /* DesignableView.swift */; };
		13B3C9D01DEE11940090491A /* ImageLoader.swift in Sources */ = {isa = PBXBuildFile; fileRef = 13B3C9B21DEE11940090491A /* ImageLoader.swift */; };
		13B3C9D11DEE11940090491A /* Info.plist in Resources */ = {isa = PBXBuildFile; fileRef = 13B3C9B31DEE11940090491A /* Info.plist */; };
		13B3C9D21DEE11940090491A /* KeyboardLayoutConstraint.swift in Sources */ = {isa = PBXBuildFile; fileRef = 13B3C9B41DEE11940090491A /* KeyboardLayoutConstraint.swift */; };
		13B3C9D31DEE11940090491A /* LoadingView.swift in Sources */ = {isa = PBXBuildFile; fileRef = 13B3C9B51DEE11940090491A /* LoadingView.swift */; };
		13B3C9D41DEE11940090491A /* LoadingView.xib in Resources */ = {isa = PBXBuildFile; fileRef = 13B3C9B61DEE11940090491A /* LoadingView.xib */; };
		13B3C9D51DEE11940090491A /* Misc.swift in Sources */ = {isa = PBXBuildFile; fileRef = 13B3C9B71DEE11940090491A /* Misc.swift */; };
		13B3C9D61DEE11940090491A /* SoundPlayer.swift in Sources */ = {isa = PBXBuildFile; fileRef = 13B3C9B81DEE11940090491A /* SoundPlayer.swift */; };
		13B3C9D71DEE11940090491A /* Spring.swift in Sources */ = {isa = PBXBuildFile; fileRef = 13B3C9BA1DEE11940090491A /* Spring.swift */; };
		13B3C9D81DEE11940090491A /* SpringAnimation.swift in Sources */ = {isa = PBXBuildFile; fileRef = 13B3C9BB1DEE11940090491A /* SpringAnimation.swift */; };
		13B3C9D91DEE11940090491A /* SpringButton.swift in Sources */ = {isa = PBXBuildFile; fileRef = 13B3C9BC1DEE11940090491A /* SpringButton.swift */; };
		13B3C9DA1DEE11940090491A /* SpringImageView.swift in Sources */ = {isa = PBXBuildFile; fileRef = 13B3C9BD1DEE11940090491A /* SpringImageView.swift */; };
		13B3C9DB1DEE11940090491A /* SpringLabel.swift in Sources */ = {isa = PBXBuildFile; fileRef = 13B3C9BE1DEE11940090491A /* SpringLabel.swift */; };
		13B3C9DC1DEE11940090491A /* SpringTextField.swift in Sources */ = {isa = PBXBuildFile; fileRef = 13B3C9BF1DEE11940090491A /* SpringTextField.swift */; };
		13B3C9DD1DEE11940090491A /* SpringTextView.swift in Sources */ = {isa = PBXBuildFile; fileRef = 13B3C9C01DEE11940090491A /* SpringTextView.swift */; };
		13B3C9DE1DEE11940090491A /* SpringView.swift in Sources */ = {isa = PBXBuildFile; fileRef = 13B3C9C11DEE11940090491A /* SpringView.swift */; };
		13B3C9DF1DEE11940090491A /* TransitionManager.swift in Sources */ = {isa = PBXBuildFile; fileRef = 13B3C9C21DEE11940090491A /* TransitionManager.swift */; };
		13B3C9E01DEE11940090491A /* TransitionZoom.swift in Sources */ = {isa = PBXBuildFile; fileRef = 13B3C9C31DEE11940090491A /* TransitionZoom.swift */; };
		13B3C9E11DEE11940090491A /* UnwindSegue.swift in Sources */ = {isa = PBXBuildFile; fileRef = 13B3C9C41DEE11940090491A /* UnwindSegue.swift */; };
/* End PBXBuildFile section */

/* Begin PBXContainerItemProxy section */
		1312C52C1DDD309200058BFC /* PBXContainerItemProxy */ = {
			isa = PBXContainerItemProxy;
			containerPortal = 1312C50F1DDD309200058BFC /* Project object */;
			proxyType = 1;
			remoteGlobalIDString = 1312C5161DDD309200058BFC;
			remoteInfo = Plum;
		};
/* End PBXContainerItemProxy section */

/* Begin PBXFileReference section */
		1312C5171DDD309200058BFC /* Plum.app */ = {isa = PBXFileReference; explicitFileType = wrapper.application; includeInIndex = 0; path = Plum.app; sourceTree = BUILT_PRODUCTS_DIR; };
		1312C51A1DDD309200058BFC /* AppDelegate.swift */ = {isa = PBXFileReference; lastKnownFileType = sourcecode.swift; path = AppDelegate.swift; sourceTree = "<group>"; };
		1312C51C1DDD309200058BFC /* ViewController.swift */ = {isa = PBXFileReference; lastKnownFileType = sourcecode.swift; path = ViewController.swift; sourceTree = "<group>"; };
		1312C51F1DDD309200058BFC /* Base */ = {isa = PBXFileReference; lastKnownFileType = file.storyboard; name = Base; path = Base.lproj/Main.storyboard; sourceTree = "<group>"; };
		1312C5211DDD309200058BFC /* Assets.xcassets */ = {isa = PBXFileReference; lastKnownFileType = folder.assetcatalog; path = Assets.xcassets; sourceTree = "<group>"; };
		1312C5241DDD309200058BFC /* Base */ = {isa = PBXFileReference; lastKnownFileType = file.storyboard; name = Base; path = Base.lproj/LaunchScreen.storyboard; sourceTree = "<group>"; };
		1312C5261DDD309200058BFC /* Info.plist */ = {isa = PBXFileReference; lastKnownFileType = text.plist.xml; path = Info.plist; sourceTree = "<group>"; };
		1312C52B1DDD309200058BFC /* PlumTests.xctest */ = {isa = PBXFileReference; explicitFileType = wrapper.cfbundle; includeInIndex = 0; path = PlumTests.xctest; sourceTree = BUILT_PRODUCTS_DIR; };
		1312C52F1DDD309200058BFC /* PlumTests.swift */ = {isa = PBXFileReference; lastKnownFileType = sourcecode.swift; path = PlumTests.swift; sourceTree = "<group>"; };
		1312C5311DDD309200058BFC /* Info.plist */ = {isa = PBXFileReference; lastKnownFileType = text.plist.xml; path = Info.plist; sourceTree = "<group>"; };
		1312C53A1DDD67F600058BFC /* FirstAidViewController.swift */ = {isa = PBXFileReference; fileEncoding = 4; lastKnownFileType = sourcecode.swift; path = FirstAidViewController.swift; sourceTree = "<group>"; };
		1312C53C1DDD6D6900058BFC /* FirstAidTableViewCell.swift */ = {isa = PBXFileReference; fileEncoding = 4; lastKnownFileType = sourcecode.swift; path = FirstAidTableViewCell.swift; sourceTree = "<group>"; };
		1312C53F1DDD75E900058BFC /* FirstAidEntry.swift */ = {isa = PBXFileReference; fileEncoding = 4; lastKnownFileType = sourcecode.swift; path = FirstAidEntry.swift; sourceTree = "<group>"; };
		1312C5411DDD7AC000058BFC /* FirstAidList.plist */ = {isa = PBXFileReference; fileEncoding = 4; lastKnownFileType = text.plist.xml; path = FirstAidList.plist; sourceTree = "<group>"; };
		1312C5431DDD915100058BFC /* FirstAidDetailViewController.swift */ = {isa = PBXFileReference; fileEncoding = 4; lastKnownFileType = sourcecode.swift; path = FirstAidDetailViewController.swift; sourceTree = "<group>"; };
		1312C5451DDE2FD700058BFC /* NearbyViewController.swift */ = {isa = PBXFileReference; fileEncoding = 4; lastKnownFileType = sourcecode.swift; path = NearbyViewController.swift; sourceTree = "<group>"; };
		134F5A2E1DEE7C6C00D38366 /* ProfileDetailDeleteTableViewCell.swift */ = {isa = PBXFileReference; fileEncoding = 4; lastKnownFileType = sourcecode.swift; path = ProfileDetailDeleteTableViewCell.swift; sourceTree = "<group>"; };
		13570F671DEE253B008F6774 /* ProfileListBannerTableViewCell.swift */ = {isa = PBXFileReference; fileEncoding = 4; lastKnownFileType = sourcecode.swift; path = ProfileListBannerTableViewCell.swift; sourceTree = "<group>"; };
		13570F691DEE2C1E008F6774 /* ProfileListSectionTableViewCell.swift */ = {isa = PBXFileReference; fileEncoding = 4; lastKnownFileType = sourcecode.swift; path = ProfileListSectionTableViewCell.swift; sourceTree = "<group>"; };
		13570F6B1DEE2F87008F6774 /* ProfileListButtonTableViewCell.swift */ = {isa = PBXFileReference; fileEncoding = 4; lastKnownFileType = sourcecode.swift; path = ProfileListButtonTableViewCell.swift; sourceTree = "<group>"; };
		13570F6E1DEE3459008F6774 /* String+GetChar.swift */ = {isa = PBXFileReference; fileEncoding = 4; lastKnownFileType = sourcecode.swift; path = "String+GetChar.swift"; sourceTree = "<group>"; };
		139CC2B91DDE420D00B9DFB6 /* ProfileViewController.swift */ = {isa = PBXFileReference; fileEncoding = 4; lastKnownFileType = sourcecode.swift; path = ProfileViewController.swift; sourceTree = "<group>"; };
		139CC2BF1DDE46C700B9DFB6 /* ProfileDetailTableViewCell.swift */ = {isa = PBXFileReference; fileEncoding = 4; lastKnownFileType = sourcecode.swift; path = ProfileDetailTableViewCell.swift; sourceTree = "<group>"; };
		139CC2C11DDE57A500B9DFB6 /* ProfileDetailTableViewController.swift */ = {isa = PBXFileReference; fileEncoding = 4; lastKnownFileType = sourcecode.swift; path = ProfileDetailTableViewController.swift; sourceTree = "<group>"; };
		139CC2C31DDE5F1F00B9DFB6 /* ProfileEntry.swift */ = {isa = PBXFileReference; fileEncoding = 4; lastKnownFileType = sourcecode.swift; path = ProfileEntry.swift; sourceTree = "<group>"; };
		13B3C9A71DEE11940090491A /* AsyncButton.swift */ = {isa = PBXFileReference; fileEncoding = 4; lastKnownFileType = sourcecode.swift; path = AsyncButton.swift; sourceTree = "<group>"; };
		13B3C9A81DEE11940090491A /* AsyncImageView.swift */ = {isa = PBXFileReference; fileEncoding = 4; lastKnownFileType = sourcecode.swift; path = AsyncImageView.swift; sourceTree = "<group>"; };
		13B3C9A91DEE11940090491A /* AutoTextView.swift */ = {isa = PBXFileReference; fileEncoding = 4; lastKnownFileType = sourcecode.swift; path = AutoTextView.swift; sourceTree = "<group>"; };
		13B3C9AA1DEE11940090491A /* BlurView.swift */ = {isa = PBXFileReference; fileEncoding = 4; lastKnownFileType = sourcecode.swift; path = BlurView.swift; sourceTree = "<group>"; };
		13B3C9AB1DEE11940090491A /* DesignableButton.swift */ = {isa = PBXFileReference; fileEncoding = 4; lastKnownFileType = sourcecode.swift; path = DesignableButton.swift; sourceTree = "<group>"; };
		13B3C9AC1DEE11940090491A /* DesignableImageView.swift */ = {isa = PBXFileReference; fileEncoding = 4; lastKnownFileType = sourcecode.swift; path = DesignableImageView.swift; sourceTree = "<group>"; };
		13B3C9AD1DEE11940090491A /* DesignableLabel.swift */ = {isa = PBXFileReference; fileEncoding = 4; lastKnownFileType = sourcecode.swift; path = DesignableLabel.swift; sourceTree = "<group>"; };
		13B3C9AE1DEE11940090491A /* DesignableTabBarController.swift */ = {isa = PBXFileReference; fileEncoding = 4; lastKnownFileType = sourcecode.swift; path = DesignableTabBarController.swift; sourceTree = "<group>"; };
		13B3C9AF1DEE11940090491A /* DesignableTextField.swift */ = {isa = PBXFileReference; fileEncoding = 4; lastKnownFileType = sourcecode.swift; path = DesignableTextField.swift; sourceTree = "<group>"; };
		13B3C9B01DEE11940090491A /* DesignableTextView.swift */ = {isa = PBXFileReference; fileEncoding = 4; lastKnownFileType = sourcecode.swift; path = DesignableTextView.swift; sourceTree = "<group>"; };
		13B3C9B11DEE11940090491A /* DesignableView.swift */ = {isa = PBXFileReference; fileEncoding = 4; lastKnownFileType = sourcecode.swift; path = DesignableView.swift; sourceTree = "<group>"; };
		13B3C9B21DEE11940090491A /* ImageLoader.swift */ = {isa = PBXFileReference; fileEncoding = 4; lastKnownFileType = sourcecode.swift; path = ImageLoader.swift; sourceTree = "<group>"; };
		13B3C9B31DEE11940090491A /* Info.plist */ = {isa = PBXFileReference; fileEncoding = 4; lastKnownFileType = text.plist.xml; path = Info.plist; sourceTree = "<group>"; };
		13B3C9B41DEE11940090491A /* KeyboardLayoutConstraint.swift */ = {isa = PBXFileReference; fileEncoding = 4; lastKnownFileType = sourcecode.swift; path = KeyboardLayoutConstraint.swift; sourceTree = "<group>"; };
		13B3C9B51DEE11940090491A /* LoadingView.swift */ = {isa = PBXFileReference; fileEncoding = 4; lastKnownFileType = sourcecode.swift; path = LoadingView.swift; sourceTree = "<group>"; };
		13B3C9B61DEE11940090491A /* LoadingView.xib */ = {isa = PBXFileReference; fileEncoding = 4; lastKnownFileType = file.xib; path = LoadingView.xib; sourceTree = "<group>"; };
		13B3C9B71DEE11940090491A /* Misc.swift */ = {isa = PBXFileReference; fileEncoding = 4; lastKnownFileType = sourcecode.swift; path = Misc.swift; sourceTree = "<group>"; };
		13B3C9B81DEE11940090491A /* SoundPlayer.swift */ = {isa = PBXFileReference; fileEncoding = 4; lastKnownFileType = sourcecode.swift; path = SoundPlayer.swift; sourceTree = "<group>"; };
		13B3C9B91DEE11940090491A /* Spring.h */ = {isa = PBXFileReference; fileEncoding = 4; lastKnownFileType = sourcecode.c.h; path = Spring.h; sourceTree = "<group>"; };
		13B3C9BA1DEE11940090491A /* Spring.swift */ = {isa = PBXFileReference; fileEncoding = 4; lastKnownFileType = sourcecode.swift; path = Spring.swift; sourceTree = "<group>"; };
		13B3C9BB1DEE11940090491A /* SpringAnimation.swift */ = {isa = PBXFileReference; fileEncoding = 4; lastKnownFileType = sourcecode.swift; path = SpringAnimation.swift; sourceTree = "<group>"; };
		13B3C9BC1DEE11940090491A /* SpringButton.swift */ = {isa = PBXFileReference; fileEncoding = 4; lastKnownFileType = sourcecode.swift; path = SpringButton.swift; sourceTree = "<group>"; };
		13B3C9BD1DEE11940090491A /* SpringImageView.swift */ = {isa = PBXFileReference; fileEncoding = 4; lastKnownFileType = sourcecode.swift; path = SpringImageView.swift; sourceTree = "<group>"; };
		13B3C9BE1DEE11940090491A /* SpringLabel.swift */ = {isa = PBXFileReference; fileEncoding = 4; lastKnownFileType = sourcecode.swift; path = SpringLabel.swift; sourceTree = "<group>"; };
		13B3C9BF1DEE11940090491A /* SpringTextField.swift */ = {isa = PBXFileReference; fileEncoding = 4; lastKnownFileType = sourcecode.swift; path = SpringTextField.swift; sourceTree = "<group>"; };
		13B3C9C01DEE11940090491A /* SpringTextView.swift */ = {isa = PBXFileReference; fileEncoding = 4; lastKnownFileType = sourcecode.swift; path = SpringTextView.swift; sourceTree = "<group>"; };
		13B3C9C11DEE11940090491A /* SpringView.swift */ = {isa = PBXFileReference; fileEncoding = 4; lastKnownFileType = sourcecode.swift; path = SpringView.swift; sourceTree = "<group>"; };
		13B3C9C21DEE11940090491A /* TransitionManager.swift */ = {isa = PBXFileReference; fileEncoding = 4; lastKnownFileType = sourcecode.swift; path = TransitionManager.swift; sourceTree = "<group>"; };
		13B3C9C31DEE11940090491A /* TransitionZoom.swift */ = {isa = PBXFileReference; fileEncoding = 4; lastKnownFileType = sourcecode.swift; path = TransitionZoom.swift; sourceTree = "<group>"; };
		13B3C9C41DEE11940090491A /* UnwindSegue.swift */ = {isa = PBXFileReference; fileEncoding = 4; lastKnownFileType = sourcecode.swift; path = UnwindSegue.swift; sourceTree = "<group>"; };
/* End PBXFileReference section */

/* Begin PBXFrameworksBuildPhase section */
		1312C5141DDD309200058BFC /* Frameworks */ = {
			isa = PBXFrameworksBuildPhase;
			buildActionMask = 2147483647;
			files = (
			);
			runOnlyForDeploymentPostprocessing = 0;
		};
		1312C5281DDD309200058BFC /* Frameworks */ = {
			isa = PBXFrameworksBuildPhase;
			buildActionMask = 2147483647;
			files = (
			);
			runOnlyForDeploymentPostprocessing = 0;
		};
/* End PBXFrameworksBuildPhase section */

/* Begin PBXGroup section */
		1312C50E1DDD309200058BFC = {
			isa = PBXGroup;
			children = (
				1312C5191DDD309200058BFC /* Plum */,
				1312C52E1DDD309200058BFC /* PlumTests */,
				1312C5181DDD309200058BFC /* Products */,
			);
			sourceTree = "<group>";
		};
		1312C5181DDD309200058BFC /* Products */ = {
			isa = PBXGroup;
			children = (
				1312C5171DDD309200058BFC /* Plum.app */,
				1312C52B1DDD309200058BFC /* PlumTests.xctest */,
			);
			name = Products;
			sourceTree = "<group>";
		};
		1312C5191DDD309200058BFC /* Plum */ = {
			isa = PBXGroup;
			children = (
				13570F6D1DEE3418008F6774 /* Extensions */,
				13B3C9A61DEE11940090491A /* Spring */,
				139CC2BE1DDE46A500B9DFB6 /* Controller */,
				139CC2BD1DDE469A00B9DFB6 /* View */,
				1312C53E1DDD75C400058BFC /* DataModel */,
				1312C51A1DDD309200058BFC /* AppDelegate.swift */,
				1312C51C1DDD309200058BFC /* ViewController.swift */,
				1312C51E1DDD309200058BFC /* Main.storyboard */,
				1312C5211DDD309200058BFC /* Assets.xcassets */,
				1312C5231DDD309200058BFC /* LaunchScreen.storyboard */,
				1312C5411DDD7AC000058BFC /* FirstAidList.plist */,
				1312C5261DDD309200058BFC /* Info.plist */,
			);
			path = Plum;
			sourceTree = "<group>";
		};
		1312C52E1DDD309200058BFC /* PlumTests */ = {
			isa = PBXGroup;
			children = (
				1312C52F1DDD309200058BFC /* PlumTests.swift */,
				1312C5311DDD309200058BFC /* Info.plist */,
			);
			path = PlumTests;
			sourceTree = "<group>";
		};
		1312C53E1DDD75C400058BFC /* DataModel */ = {
			isa = PBXGroup;
			children = (
				1312C53F1DDD75E900058BFC /* FirstAidEntry.swift */,
				139CC2C31DDE5F1F00B9DFB6 /* ProfileEntry.swift */,
			);
			name = DataModel;
			sourceTree = "<group>";
		};
		13570F6D1DEE3418008F6774 /* Extensions */ = {
			isa = PBXGroup;
			children = (
				13570F6E1DEE3459008F6774 /* String+GetChar.swift */,
			);
			name = Extensions;
			sourceTree = "<group>";
		};
		139CC2BD1DDE469A00B9DFB6 /* View */ = {
			isa = PBXGroup;
			children = (
				1312C53C1DDD6D6900058BFC /* FirstAidTableViewCell.swift */,
				139CC2BF1DDE46C700B9DFB6 /* ProfileDetailTableViewCell.swift */,
				13570F671DEE253B008F6774 /* ProfileListBannerTableViewCell.swift */,
				13570F691DEE2C1E008F6774 /* ProfileListSectionTableViewCell.swift */,
				13570F6B1DEE2F87008F6774 /* ProfileListButtonTableViewCell.swift */,
				134F5A2E1DEE7C6C00D38366 /* ProfileDetailDeleteTableViewCell.swift */,
			);
			name = View;
			sourceTree = "<group>";
		};
		139CC2BE1DDE46A500B9DFB6 /* Controller */ = {
			isa = PBXGroup;
			children = (
				1312C5431DDD915100058BFC /* FirstAidDetailViewController.swift */,
				1312C5451DDE2FD700058BFC /* NearbyViewController.swift */,
				1312C53A1DDD67F600058BFC /* FirstAidViewController.swift */,
				139CC2B91DDE420D00B9DFB6 /* ProfileViewController.swift */,
				139CC2C11DDE57A500B9DFB6 /* ProfileDetailTableViewController.swift */,
			);
			name = Controller;
			sourceTree = "<group>";
		};
		13B3C9A61DEE11940090491A /* Spring */ = {
			isa = PBXGroup;
			children = (
				13B3C9A71DEE11940090491A /* AsyncButton.swift */,
				13B3C9A81DEE11940090491A /* AsyncImageView.swift */,
				13B3C9A91DEE11940090491A /* AutoTextView.swift */,
				13B3C9AA1DEE11940090491A /* BlurView.swift */,
				13B3C9AB1DEE11940090491A /* DesignableButton.swift */,
				13B3C9AC1DEE11940090491A /* DesignableImageView.swift */,
				13B3C9AD1DEE11940090491A /* DesignableLabel.swift */,
				13B3C9AE1DEE11940090491A /* DesignableTabBarController.swift */,
				13B3C9AF1DEE11940090491A /* DesignableTextField.swift */,
				13B3C9B01DEE11940090491A /* DesignableTextView.swift */,
				13B3C9B11DEE11940090491A /* DesignableView.swift */,
				13B3C9B21DEE11940090491A /* ImageLoader.swift */,
				13B3C9B31DEE11940090491A /* Info.plist */,
				13B3C9B41DEE11940090491A /* KeyboardLayoutConstraint.swift */,
				13B3C9B51DEE11940090491A /* LoadingView.swift */,
				13B3C9B61DEE11940090491A /* LoadingView.xib */,
				13B3C9B71DEE11940090491A /* Misc.swift */,
				13B3C9B81DEE11940090491A /* SoundPlayer.swift */,
				13B3C9B91DEE11940090491A /* Spring.h */,
				13B3C9BA1DEE11940090491A /* Spring.swift */,
				13B3C9BB1DEE11940090491A /* SpringAnimation.swift */,
				13B3C9BC1DEE11940090491A /* SpringButton.swift */,
				13B3C9BD1DEE11940090491A /* SpringImageView.swift */,
				13B3C9BE1DEE11940090491A /* SpringLabel.swift */,
				13B3C9BF1DEE11940090491A /* SpringTextField.swift */,
				13B3C9C01DEE11940090491A /* SpringTextView.swift */,
				13B3C9C11DEE11940090491A /* SpringView.swift */,
				13B3C9C21DEE11940090491A /* TransitionManager.swift */,
				13B3C9C31DEE11940090491A /* TransitionZoom.swift */,
				13B3C9C41DEE11940090491A /* UnwindSegue.swift */,
			);
			path = Spring;
			sourceTree = "<group>";
		};
/* End PBXGroup section */

/* Begin PBXNativeTarget section */
		1312C5161DDD309200058BFC /* Plum */ = {
			isa = PBXNativeTarget;
			buildConfigurationList = 1312C5341DDD309200058BFC /* Build configuration list for PBXNativeTarget "Plum" */;
			buildPhases = (
				1312C5131DDD309200058BFC /* Sources */,
				1312C5141DDD309200058BFC /* Frameworks */,
				1312C5151DDD309200058BFC /* Resources */,
			);
			buildRules = (
			);
			dependencies = (
			);
			name = Plum;
			productName = Plum;
			productReference = 1312C5171DDD309200058BFC /* Plum.app */;
			productType = "com.apple.product-type.application";
		};
		1312C52A1DDD309200058BFC /* PlumTests */ = {
			isa = PBXNativeTarget;
			buildConfigurationList = 1312C5371DDD309200058BFC /* Build configuration list for PBXNativeTarget "PlumTests" */;
			buildPhases = (
				1312C5271DDD309200058BFC /* Sources */,
				1312C5281DDD309200058BFC /* Frameworks */,
				1312C5291DDD309200058BFC /* Resources */,
			);
			buildRules = (
			);
			dependencies = (
				1312C52D1DDD309200058BFC /* PBXTargetDependency */,
			);
			name = PlumTests;
			productName = PlumTests;
			productReference = 1312C52B1DDD309200058BFC /* PlumTests.xctest */;
			productType = "com.apple.product-type.bundle.unit-test";
		};
/* End PBXNativeTarget section */

/* Begin PBXProject section */
		1312C50F1DDD309200058BFC /* Project object */ = {
			isa = PBXProject;
			attributes = {
				LastSwiftUpdateCheck = 0810;
				LastUpgradeCheck = 0810;
				ORGANIZATIONNAME = Dachang;
				TargetAttributes = {
					1312C5161DDD309200058BFC = {
						CreatedOnToolsVersion = 8.1;
						DevelopmentTeam = 6992736KPW;
						ProvisioningStyle = Automatic;
					};
					1312C52A1DDD309200058BFC = {
						CreatedOnToolsVersion = 8.1;
						DevelopmentTeam = 6992736KPW;
						ProvisioningStyle = Automatic;
						TestTargetID = 1312C5161DDD309200058BFC;
					};
				};
			};
			buildConfigurationList = 1312C5121DDD309200058BFC /* Build configuration list for PBXProject "Plum" */;
			compatibilityVersion = "Xcode 3.2";
			developmentRegion = English;
			hasScannedForEncodings = 0;
			knownRegions = (
				en,
				Base,
			);
			mainGroup = 1312C50E1DDD309200058BFC;
			productRefGroup = 1312C5181DDD309200058BFC /* Products */;
			projectDirPath = "";
			projectRoot = "";
			targets = (
				1312C5161DDD309200058BFC /* Plum */,
				1312C52A1DDD309200058BFC /* PlumTests */,
			);
		};
/* End PBXProject section */

/* Begin PBXResourcesBuildPhase section */
		1312C5151DDD309200058BFC /* Resources */ = {
			isa = PBXResourcesBuildPhase;
			buildActionMask = 2147483647;
			files = (
				1312C5251DDD309200058BFC /* LaunchScreen.storyboard in Resources */,
				1312C5221DDD309200058BFC /* Assets.xcassets in Resources */,
				1312C5421DDD7AC000058BFC /* FirstAidList.plist in Resources */,
				13B3C9D41DEE11940090491A /* LoadingView.xib in Resources */,
				13B3C9D11DEE11940090491A /* Info.plist in Resources */,
				1312C5201DDD309200058BFC /* Main.storyboard in Resources */,
			);
			runOnlyForDeploymentPostprocessing = 0;
		};
		1312C5291DDD309200058BFC /* Resources */ = {
			isa = PBXResourcesBuildPhase;
			buildActionMask = 2147483647;
			files = (
			);
			runOnlyForDeploymentPostprocessing = 0;
		};
/* End PBXResourcesBuildPhase section */

/* Begin PBXSourcesBuildPhase section */
		1312C5131DDD309200058BFC /* Sources */ = {
			isa = PBXSourcesBuildPhase;
			buildActionMask = 2147483647;
			files = (
				13570F6C1DEE2F87008F6774 /* ProfileListButtonTableViewCell.swift in Sources */,
				13B3C9DD1DEE11940090491A /* SpringTextView.swift in Sources */,
				13B3C9CC1DEE11940090491A /* DesignableTabBarController.swift in Sources */,
				13570F681DEE253B008F6774 /* ProfileListBannerTableViewCell.swift in Sources */,
				13B3C9C61DEE11940090491A /* AsyncImageView.swift in Sources */,
				139CC2C41DDE5F1F00B9DFB6 /* ProfileEntry.swift in Sources */,
				13B3C9CE1DEE11940090491A /* DesignableTextView.swift in Sources */,
				13B3C9C81DEE11940090491A /* BlurView.swift in Sources */,
				13B3C9D51DEE11940090491A /* Misc.swift in Sources */,
				13B3C9D71DEE11940090491A /* Spring.swift in Sources */,
				13B3C9D21DEE11940090491A /* KeyboardLayoutConstraint.swift in Sources */,
				13B3C9D91DEE11940090491A /* SpringButton.swift in Sources */,
				13B3C9DE1DEE11940090491A /* SpringView.swift in Sources */,
				139CC2C01DDE46C700B9DFB6 /* ProfileDetailTableViewCell.swift in Sources */,
				13570F6A1DEE2C1E008F6774 /* ProfileListSectionTableViewCell.swift in Sources */,
				13B3C9C51DEE11940090491A /* AsyncButton.swift in Sources */,
				1312C51D1DDD309200058BFC /* ViewController.swift in Sources */,
				13B3C9CD1DEE11940090491A /* DesignableTextField.swift in Sources */,
				1312C5401DDD75E900058BFC /* FirstAidEntry.swift in Sources */,
				1312C5461DDE2FD700058BFC /* NearbyViewController.swift in Sources */,
				1312C53B1DDD67F600058BFC /* FirstAidViewController.swift in Sources */,
				13B3C9CA1DEE11940090491A /* DesignableImageView.swift in Sources */,
				1312C51B1DDD309200058BFC /* AppDelegate.swift in Sources */,
				13B3C9CF1DEE11940090491A /* DesignableView.swift in Sources */,
				13B3C9E01DEE11940090491A /* TransitionZoom.swift in Sources */,
				13B3C9D01DEE11940090491A /* ImageLoader.swift in Sources */,
				139CC2C21DDE57A500B9DFB6 /* ProfileDetailTableViewController.swift in Sources */,
				13B3C9D81DEE11940090491A /* SpringAnimation.swift in Sources */,
				13B3C9DF1DEE11940090491A /* TransitionManager.swift in Sources */,
				13B3C9E11DEE11940090491A /* UnwindSegue.swift in Sources */,
				13B3C9D31DEE11940090491A /* LoadingView.swift in Sources */,
				13B3C9DA1DEE11940090491A /* SpringImageView.swift in Sources */,
				13B3C9C91DEE11940090491A /* DesignableButton.swift in Sources */,
				13570F6F1DEE3459008F6774 /* String+GetChar.swift in Sources */,
				13B3C9C71DEE11940090491A /* AutoTextView.swift in Sources */,
				13B3C9D61DEE11940090491A /* SoundPlayer.swift in Sources */,
				134F5A2F1DEE7C6C00D38366 /* ProfileDetailDeleteTableViewCell.swift in Sources */,
				1312C53D1DDD6D6900058BFC /* FirstAidTableViewCell.swift in Sources */,
				139CC2BA1DDE420D00B9DFB6 /* ProfileViewController.swift in Sources */,
				13B3C9CB1DEE11940090491A /* DesignableLabel.swift in Sources */,
				13B3C9DC1DEE11940090491A /* SpringTextField.swift in Sources */,
				1312C5441DDD915100058BFC /* FirstAidDetailViewController.swift in Sources */,
				13B3C9DB1DEE11940090491A /* SpringLabel.swift in Sources */,
			);
			runOnlyForDeploymentPostprocessing = 0;
		};
		1312C5271DDD309200058BFC /* Sources */ = {
			isa = PBXSourcesBuildPhase;
			buildActionMask = 2147483647;
			files = (
				1312C5301DDD309200058BFC /* PlumTests.swift in Sources */,
			);
			runOnlyForDeploymentPostprocessing = 0;
		};
/* End PBXSourcesBuildPhase section */

/* Begin PBXTargetDependency section */
		1312C52D1DDD309200058BFC /* PBXTargetDependency */ = {
			isa = PBXTargetDependency;
			target = 1312C5161DDD309200058BFC /* Plum */;
			targetProxy = 1312C52C1DDD309200058BFC /* PBXContainerItemProxy */;
		};
/* End PBXTargetDependency section */

/* Begin PBXVariantGroup section */
		1312C51E1DDD309200058BFC /* Main.storyboard */ = {
			isa = PBXVariantGroup;
			children = (
				1312C51F1DDD309200058BFC /* Base */,
			);
			name = Main.storyboard;
			sourceTree = "<group>";
		};
		1312C5231DDD309200058BFC /* LaunchScreen.storyboard */ = {
			isa = PBXVariantGroup;
			children = (
				1312C5241DDD309200058BFC /* Base */,
			);
			name = LaunchScreen.storyboard;
			sourceTree = "<group>";
		};
/* End PBXVariantGroup section */

/* Begin XCBuildConfiguration section */
		1312C5321DDD309200058BFC /* Debug */ = {
			isa = XCBuildConfiguration;
			buildSettings = {
				ALWAYS_SEARCH_USER_PATHS = NO;
				CLANG_ANALYZER_NONNULL = YES;
				CLANG_CXX_LANGUAGE_STANDARD = "gnu++0x";
				CLANG_CXX_LIBRARY = "libc++";
				CLANG_ENABLE_MODULES = YES;
				CLANG_ENABLE_OBJC_ARC = YES;
				CLANG_WARN_BOOL_CONVERSION = YES;
				CLANG_WARN_CONSTANT_CONVERSION = YES;
				CLANG_WARN_DIRECT_OBJC_ISA_USAGE = YES_ERROR;
				CLANG_WARN_DOCUMENTATION_COMMENTS = YES;
				CLANG_WARN_EMPTY_BODY = YES;
				CLANG_WARN_ENUM_CONVERSION = YES;
				CLANG_WARN_INFINITE_RECURSION = YES;
				CLANG_WARN_INT_CONVERSION = YES;
				CLANG_WARN_OBJC_ROOT_CLASS = YES_ERROR;
				CLANG_WARN_SUSPICIOUS_MOVES = YES;
				CLANG_WARN_UNREACHABLE_CODE = YES;
				CLANG_WARN__DUPLICATE_METHOD_MATCH = YES;
				"CODE_SIGN_IDENTITY[sdk=iphoneos*]" = "iPhone Developer";
				COPY_PHASE_STRIP = NO;
				DEBUG_INFORMATION_FORMAT = dwarf;
				ENABLE_STRICT_OBJC_MSGSEND = YES;
				ENABLE_TESTABILITY = YES;
				GCC_C_LANGUAGE_STANDARD = gnu99;
				GCC_DYNAMIC_NO_PIC = NO;
				GCC_NO_COMMON_BLOCKS = YES;
				GCC_OPTIMIZATION_LEVEL = 0;
				GCC_PREPROCESSOR_DEFINITIONS = (
					"DEBUG=1",
					"$(inherited)",
				);
				GCC_WARN_64_TO_32_BIT_CONVERSION = YES;
				GCC_WARN_ABOUT_RETURN_TYPE = YES_ERROR;
				GCC_WARN_UNDECLARED_SELECTOR = YES;
				GCC_WARN_UNINITIALIZED_AUTOS = YES_AGGRESSIVE;
				GCC_WARN_UNUSED_FUNCTION = YES;
				GCC_WARN_UNUSED_VARIABLE = YES;
				IPHONEOS_DEPLOYMENT_TARGET = 10.1;
				MTL_ENABLE_DEBUG_INFO = YES;
				ONLY_ACTIVE_ARCH = YES;
				SDKROOT = iphoneos;
				SWIFT_ACTIVE_COMPILATION_CONDITIONS = DEBUG;
				SWIFT_OPTIMIZATION_LEVEL = "-Onone";
			};
			name = Debug;
		};
		1312C5331DDD309200058BFC /* Release */ = {
			isa = XCBuildConfiguration;
			buildSettings = {
				ALWAYS_SEARCH_USER_PATHS = NO;
				CLANG_ANALYZER_NONNULL = YES;
				CLANG_CXX_LANGUAGE_STANDARD = "gnu++0x";
				CLANG_CXX_LIBRARY = "libc++";
				CLANG_ENABLE_MODULES = YES;
				CLANG_ENABLE_OBJC_ARC = YES;
				CLANG_WARN_BOOL_CONVERSION = YES;
				CLANG_WARN_CONSTANT_CONVERSION = YES;
				CLANG_WARN_DIRECT_OBJC_ISA_USAGE = YES_ERROR;
				CLANG_WARN_DOCUMENTATION_COMMENTS = YES;
				CLANG_WARN_EMPTY_BODY = YES;
				CLANG_WARN_ENUM_CONVERSION = YES;
				CLANG_WARN_INFINITE_RECURSION = YES;
				CLANG_WARN_INT_CONVERSION = YES;
				CLANG_WARN_OBJC_ROOT_CLASS = YES_ERROR;
				CLANG_WARN_SUSPICIOUS_MOVES = YES;
				CLANG_WARN_UNREACHABLE_CODE = YES;
				CLANG_WARN__DUPLICATE_METHOD_MATCH = YES;
				"CODE_SIGN_IDENTITY[sdk=iphoneos*]" = "iPhone Developer";
				COPY_PHASE_STRIP = NO;
				DEBUG_INFORMATION_FORMAT = "dwarf-with-dsym";
				ENABLE_NS_ASSERTIONS = NO;
				ENABLE_STRICT_OBJC_MSGSEND = YES;
				GCC_C_LANGUAGE_STANDARD = gnu99;
				GCC_NO_COMMON_BLOCKS = YES;
				GCC_WARN_64_TO_32_BIT_CONVERSION = YES;
				GCC_WARN_ABOUT_RETURN_TYPE = YES_ERROR;
				GCC_WARN_UNDECLARED_SELECTOR = YES;
				GCC_WARN_UNINITIALIZED_AUTOS = YES_AGGRESSIVE;
				GCC_WARN_UNUSED_FUNCTION = YES;
				GCC_WARN_UNUSED_VARIABLE = YES;
				IPHONEOS_DEPLOYMENT_TARGET = 10.1;
				MTL_ENABLE_DEBUG_INFO = NO;
				SDKROOT = iphoneos;
				SWIFT_OPTIMIZATION_LEVEL = "-Owholemodule";
				VALIDATE_PRODUCT = YES;
			};
			name = Release;
		};
		1312C5351DDD309200058BFC /* Debug */ = {
			isa = XCBuildConfiguration;
			buildSettings = {
				ASSETCATALOG_COMPILER_APPICON_NAME = AppIcon;
				DEVELOPMENT_TEAM = 6992736KPW;
				INFOPLIST_FILE = Plum/Info.plist;
				LD_RUNPATH_SEARCH_PATHS = "$(inherited) @executable_path/Frameworks";
				PRODUCT_BUNDLE_IDENTIFIER = com.OceanDev.Plum;
				PRODUCT_NAME = "$(TARGET_NAME)";
				SWIFT_VERSION = 3.0;
			};
			name = Debug;
		};
		1312C5361DDD309200058BFC /* Release */ = {
			isa = XCBuildConfiguration;
			buildSettings = {
				ASSETCATALOG_COMPILER_APPICON_NAME = AppIcon;
				DEVELOPMENT_TEAM = 6992736KPW;
				INFOPLIST_FILE = Plum/Info.plist;
				LD_RUNPATH_SEARCH_PATHS = "$(inherited) @executable_path/Frameworks";
				PRODUCT_BUNDLE_IDENTIFIER = com.OceanDev.Plum;
				PRODUCT_NAME = "$(TARGET_NAME)";
				SWIFT_VERSION = 3.0;
			};
			name = Release;
		};
		1312C5381DDD309200058BFC /* Debug */ = {
			isa = XCBuildConfiguration;
			buildSettings = {
				ALWAYS_EMBED_SWIFT_STANDARD_LIBRARIES = YES;
				BUNDLE_LOADER = "$(TEST_HOST)";
				DEVELOPMENT_TEAM = 6992736KPW;
				INFOPLIST_FILE = PlumTests/Info.plist;
				LD_RUNPATH_SEARCH_PATHS = "$(inherited) @executable_path/Frameworks @loader_path/Frameworks";
				PRODUCT_BUNDLE_IDENTIFIER = com.OceanDev.PlumTests;
				PRODUCT_NAME = "$(TARGET_NAME)";
				SWIFT_VERSION = 3.0;
				TEST_HOST = "$(BUILT_PRODUCTS_DIR)/Plum.app/Plum";
			};
			name = Debug;
		};
		1312C5391DDD309200058BFC /* Release */ = {
			isa = XCBuildConfiguration;
			buildSettings = {
				ALWAYS_EMBED_SWIFT_STANDARD_LIBRARIES = YES;
				BUNDLE_LOADER = "$(TEST_HOST)";
				DEVELOPMENT_TEAM = 6992736KPW;
				INFOPLIST_FILE = PlumTests/Info.plist;
				LD_RUNPATH_SEARCH_PATHS = "$(inherited) @executable_path/Frameworks @loader_path/Frameworks";
				PRODUCT_BUNDLE_IDENTIFIER = com.OceanDev.PlumTests;
				PRODUCT_NAME = "$(TARGET_NAME)";
				SWIFT_VERSION = 3.0;
				TEST_HOST = "$(BUILT_PRODUCTS_DIR)/Plum.app/Plum";
			};
			name = Release;
		};
/* End XCBuildConfiguration section */

/* Begin XCConfigurationList section */
		1312C5121DDD309200058BFC /* Build configuration list for PBXProject "Plum" */ = {
			isa = XCConfigurationList;
			buildConfigurations = (
				1312C5321DDD309200058BFC /* Debug */,
				1312C5331DDD309200058BFC /* Release */,
			);
			defaultConfigurationIsVisible = 0;
			defaultConfigurationName = Release;
		};
		1312C5341DDD309200058BFC /* Build configuration list for PBXNativeTarget "Plum" */ = {
			isa = XCConfigurationList;
			buildConfigurations = (
				1312C5351DDD309200058BFC /* Debug */,
				1312C5361DDD309200058BFC /* Release */,
			);
			defaultConfigurationIsVisible = 0;
			defaultConfigurationName = Release;
		};
		1312C5371DDD309200058BFC /* Build configuration list for PBXNativeTarget "PlumTests" */ = {
			isa = XCConfigurationList;
			buildConfigurations = (
				1312C5381DDD309200058BFC /* Debug */,
				1312C5391DDD309200058BFC /* Release */,
			);
			defaultConfigurationIsVisible = 0;
			defaultConfigurationName = Release;
		};
/* End XCConfigurationList section */
	};
	rootObject = 1312C50F1DDD309200058BFC /* Project object */;
}
